
Microsoft Visual Studio Solution File, Format Version 12.00
# Visual Studio Version 16
VisualStudioVersion = 16.0.30320.27
MinimumVisualStudioVersion = 10.0.40219.1
Project("{FAE04EC0-301F-11D3-BF4B-00C04F79EFBC}") = "BO.NET", "BO.NET\BO.NET.csproj", "{99CF2018-2936-44F9-B1C4-AEC5B38F8A6B}"
EndProject
Global
	GlobalSection(SolutionConfigurationPlatforms) = preSolution
		Debug|Any CPU = Debug|Any CPU
		Release|Any CPU = Release|Any CPU
	EndGlobalSection
	GlobalSection(ProjectConfigurationPlatforms) = postSolution
		{99CF2018-2936-44F9-B1C4-AEC5B38F8A6B}.Debug|Any CPU.ActiveCfg = Debug|Any CPU
		{99CF2018-2936-44F9-B1C4-AEC5B38F8A6B}.Debug|Any CPU.Build.0 = Debug|Any CPU
		{99CF2018-2936-44F9-B1C4-AEC5B38F8A6B}.Release|Any CPU.ActiveCfg = Release|Any CPU
		{99CF2018-2936-44F9-B1C4-AEC5B38F8A6B}.Release|Any CPU.Build.0 = Release|Any CPU
	EndGlobalSection
	GlobalSection(SolutionProperties) = preSolution
		HideSolutionNode = FALSE
	EndGlobalSection
	GlobalSection(ExtensibilityGlobals) = postSolution
		SolutionGuid = {0AEE20DB-3EB2-4047-B212-7A575BED83E8}
	EndGlobalSection
EndGlobal
